
Microsoft Visual Studio Solution File, Format Version 12.00
# Visual Studio 15
VisualStudioVersion = 15.0.28307.168
MinimumVisualStudioVersion = 10.0.40219.1
Project("{FAE04EC0-301F-11D3-BF4B-00C04F79EFBC}") = "GigHub", "GigHub\GigHub.csproj", "{B088227B-2495-4D20-9173-253014EFAA85}"
EndProject
Project("{FAE04EC0-301F-11D3-BF4B-00C04F79EFBC}") = "GigHub.Tests", "GigHub.Tests\GigHub.Tests.csproj", "{73EB14CE-D5A3-4CC2-9219-DD78CB299743}"
EndProject
Project("{FAE04EC0-301F-11D3-BF4B-00C04F79EFBC}") = "GigHub.IntegrationTests", "GigHub.IntegrationTests\GigHub.IntegrationTests.csproj", "{2F4A15B3-CDE9-4193-A13B-3C91B3234AC4}"
EndProject
Global
	GlobalSection(SolutionConfigurationPlatforms) = preSolution
		Debug|Any CPU = Debug|Any CPU
		Release|Any CPU = Release|Any CPU
	EndGlobalSection
	GlobalSection(ProjectConfigurationPlatforms) = postSolution
		{B088227B-2495-4D20-9173-253014EFAA85}.Debug|Any CPU.ActiveCfg = Debug|Any CPU
		{B088227B-2495-4D20-9173-253014EFAA85}.Debug|Any CPU.Build.0 = Debug|Any CPU
		{B088227B-2495-4D20-9173-253014EFAA85}.Release|Any CPU.ActiveCfg = Release|Any CPU
		{B088227B-2495-4D20-9173-253014EFAA85}.Release|Any CPU.Build.0 = Release|Any CPU
		{73EB14CE-D5A3-4CC2-9219-DD78CB299743}.Debug|Any CPU.ActiveCfg = Debug|Any CPU
		{73EB14CE-D5A3-4CC2-9219-DD78CB299743}.Debug|Any CPU.Build.0 = Debug|Any CPU
		{73EB14CE-D5A3-4CC2-9219-DD78CB299743}.Release|Any CPU.ActiveCfg = Release|Any CPU
		{73EB14CE-D5A3-4CC2-9219-DD78CB299743}.Release|Any CPU.Build.0 = Release|Any CPU
		{2F4A15B3-CDE9-4193-A13B-3C91B3234AC4}.Debug|Any CPU.ActiveCfg = Debug|Any CPU
		{2F4A15B3-CDE9-4193-A13B-3C91B3234AC4}.Debug|Any CPU.Build.0 = Debug|Any CPU
		{2F4A15B3-CDE9-4193-A13B-3C91B3234AC4}.Release|Any CPU.ActiveCfg = Release|Any CPU
		{2F4A15B3-CDE9-4193-A13B-3C91B3234AC4}.Release|Any CPU.Build.0 = Release|Any CPU
	EndGlobalSection
	GlobalSection(SolutionProperties) = preSolution
		HideSolutionNode = FALSE
	EndGlobalSection
	GlobalSection(ExtensibilityGlobals) = postSolution
		SolutionGuid = {23CD7D24-70A3-47D7-A757-861328D6DBAB}
	EndGlobalSection
EndGlobal
